// !$*UTF8*$!
{
	archiveVersion = 1;
	classes = {
	};
	objectVersion = 55;
	objects = {

/* Begin PBXBuildFile section */
		61E8FEA9D41E374D3FD1B5B5 /* Pods_Reciplease.framework in Frameworks */ = {isa = PBXBuildFile; fileRef = 9E09F43D688A7CA458944887 /* Pods_Reciplease.framework */; };
		8F02358D273290FA0078ED6B /* Recipe.swift in Sources */ = {isa = PBXBuildFile; fileRef = 8F02358C273290FA0078ED6B /* Recipe.swift */; };
		8F02358F27329CA90078ED6B /* ResultSearchController.swift in Sources */ = {isa = PBXBuildFile; fileRef = 8F02358E27329CA90078ED6B /* ResultSearchController.swift */; };
		8F0235932732ECAC0078ED6B /* DetailController.swift in Sources */ = {isa = PBXBuildFile; fileRef = 8F0235922732ECAC0078ED6B /* DetailController.swift */; };
		8F0235952732F6280078ED6B /* ApiConstant.swift in Sources */ = {isa = PBXBuildFile; fileRef = 8F0235942732F6280078ED6B /* ApiConstant.swift */; };
		8F0E6E032750CB7900C43C84 /* EdamamSession.swift in Sources */ = {isa = PBXBuildFile; fileRef = 8F0E6E022750CB7900C43C84 /* EdamamSession.swift */; };
		8F0E6E052750CF2400C43C84 /* RequestService.swift in Sources */ = {isa = PBXBuildFile; fileRef = 8F0E6E042750CF2400C43C84 /* RequestService.swift */; };
		8F0E6E092751100800C43C84 /* FakeEdamamSession.swift in Sources */ = {isa = PBXBuildFile; fileRef = 8F0E6E082751100800C43C84 /* FakeEdamamSession.swift */; };
		8F0E6E0B2751126900C43C84 /* FakeResponseData.swift in Sources */ = {isa = PBXBuildFile; fileRef = 8F0E6E0A2751126900C43C84 /* FakeResponseData.swift */; };
		8F0E6E0D275112C200C43C84 /* Recipes.json in Resources */ = {isa = PBXBuildFile; fileRef = 8F0E6E0C275112C200C43C84 /* Recipes.json */; };
		8F0E6E0F2751130900C43C84 /* RequestServiceTest.swift in Sources */ = {isa = PBXBuildFile; fileRef = 8F0E6E0E2751130900C43C84 /* RequestServiceTest.swift */; };
		8F0E6E122751392300C43C84 /* CoreDataStack.swift in Sources */ = {isa = PBXBuildFile; fileRef = 8F0E6E112751392300C43C84 /* CoreDataStack.swift */; };
		8F0E6E142751398200C43C84 /* CoreDataManager.swift in Sources */ = {isa = PBXBuildFile; fileRef = 8F0E6E132751398200C43C84 /* CoreDataManager.swift */; };
		8FA21157273190F000ABD3D6 /* ApiResponse.swift in Sources */ = {isa = PBXBuildFile; fileRef = 8FA21156273190F000ABD3D6 /* ApiResponse.swift */; };
		8FA303982768EDE700327778 /* FakeCoreDataStack.swift in Sources */ = {isa = PBXBuildFile; fileRef = 8FA303972768EDE700327778 /* FakeCoreDataStack.swift */; };
		8FA3039A2768EE6100327778 /* CoreDataManagerTest.swift in Sources */ = {isa = PBXBuildFile; fileRef = 8FA303992768EE6100327778 /* CoreDataManagerTest.swift */; };
		8FAFE076273452E000512639 /* FavoriteController.swift in Sources */ = {isa = PBXBuildFile; fileRef = 8FAFE075273452E000512639 /* FavoriteController.swift */; };
		8FB4BA7B272BE67B0029E668 /* AppDelegate.swift in Sources */ = {isa = PBXBuildFile; fileRef = 8FB4BA7A272BE67B0029E668 /* AppDelegate.swift */; };
		8FB4BA7D272BE67B0029E668 /* SceneDelegate.swift in Sources */ = {isa = PBXBuildFile; fileRef = 8FB4BA7C272BE67B0029E668 /* SceneDelegate.swift */; };
		8FB4BA7F272BE67B0029E668 /* SearchController.swift in Sources */ = {isa = PBXBuildFile; fileRef = 8FB4BA7E272BE67B0029E668 /* SearchController.swift */; };
		8FB4BA82272BE67B0029E668 /* Main.storyboard in Resources */ = {isa = PBXBuildFile; fileRef = 8FB4BA80272BE67B0029E668 /* Main.storyboard */; };
		8FB4BA85272BE67B0029E668 /* Reciplease.xcdatamodeld in Sources */ = {isa = PBXBuildFile; fileRef = 8FB4BA83272BE67B0029E668 /* Reciplease.xcdatamodeld */; };
		8FB4BA87272BE67E0029E668 /* Assets.xcassets in Resources */ = {isa = PBXBuildFile; fileRef = 8FB4BA86272BE67E0029E668 /* Assets.xcassets */; };
		8FB4BA8A272BE67E0029E668 /* LaunchScreen.storyboard in Resources */ = {isa = PBXBuildFile; fileRef = 8FB4BA88272BE67E0029E668 /* LaunchScreen.storyboard */; };
		8FCD86F7275A1BC600BA1A88 /* RecipeTableViewCell.swift in Sources */ = {isa = PBXBuildFile; fileRef = 8FCD86F5275A1BC600BA1A88 /* RecipeTableViewCell.swift */; };
		8FCD86F8275A1BC600BA1A88 /* RecipeTableViewCell.xib in Resources */ = {isa = PBXBuildFile; fileRef = 8FCD86F6275A1BC600BA1A88 /* RecipeTableViewCell.xib */; };
		B79E6E9EB28D407F514A1453 /* Pods_RecipleaseTests.framework in Frameworks */ = {isa = PBXBuildFile; fileRef = 920016FD420EA75154E7F359 /* Pods_RecipleaseTests.framework */; };
/* End PBXBuildFile section */

/* Begin PBXContainerItemProxy section */
		8FB4BA91272BE67E0029E668 /* PBXContainerItemProxy */ = {
			isa = PBXContainerItemProxy;
			containerPortal = 8FB4BA6F272BE67B0029E668 /* Project object */;
			proxyType = 1;
			remoteGlobalIDString = 8FB4BA76272BE67B0029E668;
			remoteInfo = Reciplease;
		};
/* End PBXContainerItemProxy section */

/* Begin PBXFileReference section */
		195AF41B7925ED23E3043002 /* Pods-RecipleaseTests.release.xcconfig */ = {isa = PBXFileReference; includeInIndex = 1; lastKnownFileType = text.xcconfig; name = "Pods-RecipleaseTests.release.xcconfig"; path = "Target Support Files/Pods-RecipleaseTests/Pods-RecipleaseTests.release.xcconfig"; sourceTree = "<group>"; };
		831A52CEA125F3D52057AD4E /* Pods-Reciplease.release.xcconfig */ = {isa = PBXFileReference; includeInIndex = 1; lastKnownFileType = text.xcconfig; name = "Pods-Reciplease.release.xcconfig"; path = "Target Support Files/Pods-Reciplease/Pods-Reciplease.release.xcconfig"; sourceTree = "<group>"; };
		8F02358C273290FA0078ED6B /* Recipe.swift */ = {isa = PBXFileReference; lastKnownFileType = sourcecode.swift; path = Recipe.swift; sourceTree = "<group>"; };
		8F02358E27329CA90078ED6B /* ResultSearchController.swift */ = {isa = PBXFileReference; lastKnownFileType = sourcecode.swift; path = ResultSearchController.swift; sourceTree = "<group>"; };
		8F0235922732ECAC0078ED6B /* DetailController.swift */ = {isa = PBXFileReference; lastKnownFileType = sourcecode.swift; path = DetailController.swift; sourceTree = "<group>"; };
		8F0235942732F6280078ED6B /* ApiConstant.swift */ = {isa = PBXFileReference; lastKnownFileType = sourcecode.swift; path = ApiConstant.swift; sourceTree = "<group>"; };
		8F0E6E022750CB7900C43C84 /* EdamamSession.swift */ = {isa = PBXFileReference; lastKnownFileType = sourcecode.swift; path = EdamamSession.swift; sourceTree = "<group>"; };
		8F0E6E042750CF2400C43C84 /* RequestService.swift */ = {isa = PBXFileReference; lastKnownFileType = sourcecode.swift; path = RequestService.swift; sourceTree = "<group>"; };
		8F0E6E082751100800C43C84 /* FakeEdamamSession.swift */ = {isa = PBXFileReference; lastKnownFileType = sourcecode.swift; path = FakeEdamamSession.swift; sourceTree = "<group>"; };
		8F0E6E0A2751126900C43C84 /* FakeResponseData.swift */ = {isa = PBXFileReference; lastKnownFileType = sourcecode.swift; path = FakeResponseData.swift; sourceTree = "<group>"; };
		8F0E6E0C275112C200C43C84 /* Recipes.json */ = {isa = PBXFileReference; lastKnownFileType = text.json; path = Recipes.json; sourceTree = "<group>"; };
		8F0E6E0E2751130900C43C84 /* RequestServiceTest.swift */ = {isa = PBXFileReference; lastKnownFileType = sourcecode.swift; path = RequestServiceTest.swift; sourceTree = "<group>"; };
		8F0E6E112751392300C43C84 /* CoreDataStack.swift */ = {isa = PBXFileReference; lastKnownFileType = sourcecode.swift; path = CoreDataStack.swift; sourceTree = "<group>"; };
		8F0E6E132751398200C43C84 /* CoreDataManager.swift */ = {isa = PBXFileReference; lastKnownFileType = sourcecode.swift; path = CoreDataManager.swift; sourceTree = "<group>"; };
		8FA21156273190F000ABD3D6 /* ApiResponse.swift */ = {isa = PBXFileReference; lastKnownFileType = sourcecode.swift; path = ApiResponse.swift; sourceTree = "<group>"; };
		8FA303972768EDE700327778 /* FakeCoreDataStack.swift */ = {isa = PBXFileReference; lastKnownFileType = sourcecode.swift; path = FakeCoreDataStack.swift; sourceTree = "<group>"; };
		8FA303992768EE6100327778 /* CoreDataManagerTest.swift */ = {isa = PBXFileReference; lastKnownFileType = sourcecode.swift; path = CoreDataManagerTest.swift; sourceTree = "<group>"; };
		8FAFE075273452E000512639 /* FavoriteController.swift */ = {isa = PBXFileReference; lastKnownFileType = sourcecode.swift; path = FavoriteController.swift; sourceTree = "<group>"; };
		8FB4BA77272BE67B0029E668 /* Reciplease.app */ = {isa = PBXFileReference; explicitFileType = wrapper.application; includeInIndex = 0; path = Reciplease.app; sourceTree = BUILT_PRODUCTS_DIR; };
		8FB4BA7A272BE67B0029E668 /* AppDelegate.swift */ = {isa = PBXFileReference; lastKnownFileType = sourcecode.swift; path = AppDelegate.swift; sourceTree = "<group>"; };
		8FB4BA7C272BE67B0029E668 /* SceneDelegate.swift */ = {isa = PBXFileReference; lastKnownFileType = sourcecode.swift; path = SceneDelegate.swift; sourceTree = "<group>"; };
		8FB4BA7E272BE67B0029E668 /* SearchController.swift */ = {isa = PBXFileReference; lastKnownFileType = sourcecode.swift; path = SearchController.swift; sourceTree = "<group>"; };
		8FB4BA81272BE67B0029E668 /* Base */ = {isa = PBXFileReference; lastKnownFileType = file.storyboard; name = Base; path = Base.lproj/Main.storyboard; sourceTree = "<group>"; };
		8FB4BA84272BE67B0029E668 /* Reciplease.xcdatamodel */ = {isa = PBXFileReference; lastKnownFileType = wrapper.xcdatamodel; path = Reciplease.xcdatamodel; sourceTree = "<group>"; };
		8FB4BA86272BE67E0029E668 /* Assets.xcassets */ = {isa = PBXFileReference; lastKnownFileType = folder.assetcatalog; path = Assets.xcassets; sourceTree = "<group>"; };
		8FB4BA89272BE67E0029E668 /* Base */ = {isa = PBXFileReference; lastKnownFileType = file.storyboard; name = Base; path = Base.lproj/LaunchScreen.storyboard; sourceTree = "<group>"; };
		8FB4BA8B272BE67E0029E668 /* Info.plist */ = {isa = PBXFileReference; lastKnownFileType = text.plist.xml; path = Info.plist; sourceTree = "<group>"; };
		8FB4BA90272BE67E0029E668 /* RecipleaseTests.xctest */ = {isa = PBXFileReference; explicitFileType = wrapper.cfbundle; includeInIndex = 0; path = RecipleaseTests.xctest; sourceTree = BUILT_PRODUCTS_DIR; };
		8FCD86F5275A1BC600BA1A88 /* RecipeTableViewCell.swift */ = {isa = PBXFileReference; lastKnownFileType = sourcecode.swift; path = RecipeTableViewCell.swift; sourceTree = "<group>"; };
		8FCD86F6275A1BC600BA1A88 /* RecipeTableViewCell.xib */ = {isa = PBXFileReference; lastKnownFileType = file.xib; path = RecipeTableViewCell.xib; sourceTree = "<group>"; };
		920016FD420EA75154E7F359 /* Pods_RecipleaseTests.framework */ = {isa = PBXFileReference; explicitFileType = wrapper.framework; includeInIndex = 0; path = Pods_RecipleaseTests.framework; sourceTree = BUILT_PRODUCTS_DIR; };
		9E09F43D688A7CA458944887 /* Pods_Reciplease.framework */ = {isa = PBXFileReference; explicitFileType = wrapper.framework; includeInIndex = 0; path = Pods_Reciplease.framework; sourceTree = BUILT_PRODUCTS_DIR; };
		B543EFBD46AFA8E6F0821956 /* Pods-Reciplease-RecipleaseUITests.release.xcconfig */ = {isa = PBXFileReference; includeInIndex = 1; lastKnownFileType = text.xcconfig; name = "Pods-Reciplease-RecipleaseUITests.release.xcconfig"; path = "Target Support Files/Pods-Reciplease-RecipleaseUITests/Pods-Reciplease-RecipleaseUITests.release.xcconfig"; sourceTree = "<group>"; };
		B62D6F589859B7F9C07C7340 /* Pods_Reciplease_RecipleaseUITests.framework */ = {isa = PBXFileReference; explicitFileType = wrapper.framework; includeInIndex = 0; path = Pods_Reciplease_RecipleaseUITests.framework; sourceTree = BUILT_PRODUCTS_DIR; };
		CF41A8ECC064FCA9B1AEE1B8 /* Pods-Reciplease.debug.xcconfig */ = {isa = PBXFileReference; includeInIndex = 1; lastKnownFileType = text.xcconfig; name = "Pods-Reciplease.debug.xcconfig"; path = "Target Support Files/Pods-Reciplease/Pods-Reciplease.debug.xcconfig"; sourceTree = "<group>"; };
		E2CD688AE29EC56ED41A390B /* Pods-RecipleaseTests.debug.xcconfig */ = {isa = PBXFileReference; includeInIndex = 1; lastKnownFileType = text.xcconfig; name = "Pods-RecipleaseTests.debug.xcconfig"; path = "Target Support Files/Pods-RecipleaseTests/Pods-RecipleaseTests.debug.xcconfig"; sourceTree = "<group>"; };
		FB0BB20CA93DC355717A4E60 /* Pods-Reciplease-RecipleaseUITests.debug.xcconfig */ = {isa = PBXFileReference; includeInIndex = 1; lastKnownFileType = text.xcconfig; name = "Pods-Reciplease-RecipleaseUITests.debug.xcconfig"; path = "Target Support Files/Pods-Reciplease-RecipleaseUITests/Pods-Reciplease-RecipleaseUITests.debug.xcconfig"; sourceTree = "<group>"; };
/* End PBXFileReference section */

/* Begin PBXFrameworksBuildPhase section */
		8FB4BA74272BE67B0029E668 /* Frameworks */ = {
			isa = PBXFrameworksBuildPhase;
			buildActionMask = 2147483647;
			files = (
				61E8FEA9D41E374D3FD1B5B5 /* Pods_Reciplease.framework in Frameworks */,
			);
			runOnlyForDeploymentPostprocessing = 0;
		};
		8FB4BA8D272BE67E0029E668 /* Frameworks */ = {
			isa = PBXFrameworksBuildPhase;
			buildActionMask = 2147483647;
			files = (
				B79E6E9EB28D407F514A1453 /* Pods_RecipleaseTests.framework in Frameworks */,
			);
			runOnlyForDeploymentPostprocessing = 0;
		};
/* End PBXFrameworksBuildPhase section */

/* Begin PBXGroup section */
		347EDBB1978EB1213E3BEC61 /* Frameworks */ = {
			isa = PBXGroup;
			children = (
				9E09F43D688A7CA458944887 /* Pods_Reciplease.framework */,
				B62D6F589859B7F9C07C7340 /* Pods_Reciplease_RecipleaseUITests.framework */,
				920016FD420EA75154E7F359 /* Pods_RecipleaseTests.framework */,
			);
			name = Frameworks;
			sourceTree = "<group>";
		};
		8F0E6E102751390300C43C84 /* CoreData */ = {
			isa = PBXGroup;
			children = (
				8FB4BA83272BE67B0029E668 /* Reciplease.xcdatamodeld */,
				8F0E6E112751392300C43C84 /* CoreDataStack.swift */,
				8F0E6E132751398200C43C84 /* CoreDataManager.swift */,
			);
			path = CoreData;
			sourceTree = "<group>";
		};
		8FA303952768EDA000327778 /* EdamamRequestTest */ = {
			isa = PBXGroup;
			children = (
				8F0E6E082751100800C43C84 /* FakeEdamamSession.swift */,
				8F0E6E0A2751126900C43C84 /* FakeResponseData.swift */,
				8F0E6E0C275112C200C43C84 /* Recipes.json */,
				8F0E6E0E2751130900C43C84 /* RequestServiceTest.swift */,
			);
			path = EdamamRequestTest;
			sourceTree = "<group>";
		};
		8FA303962768EDC000327778 /* CoreDataTest */ = {
			isa = PBXGroup;
			children = (
				8FA303972768EDE700327778 /* FakeCoreDataStack.swift */,
				8FA303992768EE6100327778 /* CoreDataManagerTest.swift */,
			);
			path = CoreDataTest;
			sourceTree = "<group>";
		};
		8FB4BA6E272BE67B0029E668 = {
			isa = PBXGroup;
			children = (
				8FB4BA79272BE67B0029E668 /* Reciplease */,
				8FB4BA93272BE67E0029E668 /* RecipleaseTests */,
				8FB4BA78272BE67B0029E668 /* Products */,
				93962A2C560BC5CBF7536D8F /* Pods */,
				347EDBB1978EB1213E3BEC61 /* Frameworks */,
			);
			sourceTree = "<group>";
		};
		8FB4BA78272BE67B0029E668 /* Products */ = {
			isa = PBXGroup;
			children = (
				8FB4BA77272BE67B0029E668 /* Reciplease.app */,
				8FB4BA90272BE67E0029E668 /* RecipleaseTests.xctest */,
			);
			name = Products;
			sourceTree = "<group>";
		};
		8FB4BA79272BE67B0029E668 /* Reciplease */ = {
			isa = PBXGroup;
			children = (
				8FB4BAB0272BE7000029E668 /* SupportingFiles */,
				8FB4BAAF272BE6E80029E668 /* Model */,
				8FB4BAAE272BE6DE0029E668 /* Controller */,
				8FB4BAAD272BE6C90029E668 /* View */,
			);
			path = Reciplease;
			sourceTree = "<group>";
		};
		8FB4BA93272BE67E0029E668 /* RecipleaseTests */ = {
			isa = PBXGroup;
			children = (
				8FA303962768EDC000327778 /* CoreDataTest */,
				8FA303952768EDA000327778 /* EdamamRequestTest */,
			);
			path = RecipleaseTests;
			sourceTree = "<group>";
		};
		8FB4BAAD272BE6C90029E668 /* View */ = {
			isa = PBXGroup;
			children = (
				8FB4BA80272BE67B0029E668 /* Main.storyboard */,
				8FCD86F5275A1BC600BA1A88 /* RecipeTableViewCell.swift */,
				8FCD86F6275A1BC600BA1A88 /* RecipeTableViewCell.xib */,
			);
			path = View;
			sourceTree = "<group>";
		};
		8FB4BAAE272BE6DE0029E668 /* Controller */ = {
			isa = PBXGroup;
			children = (
				8FB4BA7E272BE67B0029E668 /* SearchController.swift */,
				8F02358E27329CA90078ED6B /* ResultSearchController.swift */,
				8F0235922732ECAC0078ED6B /* DetailController.swift */,
				8FAFE075273452E000512639 /* FavoriteController.swift */,
			);
			path = Controller;
			sourceTree = "<group>";
		};
		8FB4BAAF272BE6E80029E668 /* Model */ = {
			isa = PBXGroup;
			children = (
				8FA21156273190F000ABD3D6 /* ApiResponse.swift */,
				8F0E6E102751390300C43C84 /* CoreData */,
				8F02358C273290FA0078ED6B /* Recipe.swift */,
				8F0E6E022750CB7900C43C84 /* EdamamSession.swift */,
				8F0E6E042750CF2400C43C84 /* RequestService.swift */,
			);
			path = Model;
			sourceTree = "<group>";
		};
		8FB4BAB0272BE7000029E668 /* SupportingFiles */ = {
			isa = PBXGroup;
			children = (
				8FB4BA8B272BE67E0029E668 /* Info.plist */,
				8FB4BA7A272BE67B0029E668 /* AppDelegate.swift */,
				8FB4BA7C272BE67B0029E668 /* SceneDelegate.swift */,
				8FB4BA86272BE67E0029E668 /* Assets.xcassets */,
				8FB4BA88272BE67E0029E668 /* LaunchScreen.storyboard */,
				8F0235942732F6280078ED6B /* ApiConstant.swift */,
			);
			path = SupportingFiles;
			sourceTree = "<group>";
		};
		93962A2C560BC5CBF7536D8F /* Pods */ = {
			isa = PBXGroup;
			children = (
				CF41A8ECC064FCA9B1AEE1B8 /* Pods-Reciplease.debug.xcconfig */,
				831A52CEA125F3D52057AD4E /* Pods-Reciplease.release.xcconfig */,
				FB0BB20CA93DC355717A4E60 /* Pods-Reciplease-RecipleaseUITests.debug.xcconfig */,
				B543EFBD46AFA8E6F0821956 /* Pods-Reciplease-RecipleaseUITests.release.xcconfig */,
				E2CD688AE29EC56ED41A390B /* Pods-RecipleaseTests.debug.xcconfig */,
				195AF41B7925ED23E3043002 /* Pods-RecipleaseTests.release.xcconfig */,
			);
			path = Pods;
			sourceTree = "<group>";
		};
/* End PBXGroup section */

/* Begin PBXNativeTarget section */
		8FB4BA76272BE67B0029E668 /* Reciplease */ = {
			isa = PBXNativeTarget;
			buildConfigurationList = 8FB4BAA4272BE67E0029E668 /* Build configuration list for PBXNativeTarget "Reciplease" */;
			buildPhases = (
				7FDB049EFC778D258C3948A3 /* [CP] Check Pods Manifest.lock */,
				8FB4BA73272BE67B0029E668 /* Sources */,
				8FB4BA74272BE67B0029E668 /* Frameworks */,
				8FB4BA75272BE67B0029E668 /* Resources */,
				FB64227DDF423371C54DC13C /* [CP] Embed Pods Frameworks */,
			);
			buildRules = (
			);
			dependencies = (
			);
			name = Reciplease;
			productName = Reciplease;
			productReference = 8FB4BA77272BE67B0029E668 /* Reciplease.app */;
			productType = "com.apple.product-type.application";
		};
		8FB4BA8F272BE67E0029E668 /* RecipleaseTests */ = {
			isa = PBXNativeTarget;
			buildConfigurationList = 8FB4BAA7272BE67E0029E668 /* Build configuration list for PBXNativeTarget "RecipleaseTests" */;
			buildPhases = (
				2644364F6A8E3B2992E63DCB /* [CP] Check Pods Manifest.lock */,
				8FB4BA8C272BE67E0029E668 /* Sources */,
				8FB4BA8D272BE67E0029E668 /* Frameworks */,
				8FB4BA8E272BE67E0029E668 /* Resources */,
			);
			buildRules = (
			);
			dependencies = (
				8FB4BA92272BE67E0029E668 /* PBXTargetDependency */,
			);
			name = RecipleaseTests;
			productName = RecipleaseTests;
			productReference = 8FB4BA90272BE67E0029E668 /* RecipleaseTests.xctest */;
			productType = "com.apple.product-type.bundle.unit-test";
		};
/* End PBXNativeTarget section */

/* Begin PBXProject section */
		8FB4BA6F272BE67B0029E668 /* Project object */ = {
			isa = PBXProject;
			attributes = {
				BuildIndependentTargetsInParallel = 1;
				LastSwiftUpdateCheck = 1310;
				LastUpgradeCheck = 1310;
				TargetAttributes = {
					8FB4BA76272BE67B0029E668 = {
						CreatedOnToolsVersion = 13.1;
					};
					8FB4BA8F272BE67E0029E668 = {
						CreatedOnToolsVersion = 13.1;
						LastSwiftMigration = 1310;
						TestTargetID = 8FB4BA76272BE67B0029E668;
					};
				};
			};
			buildConfigurationList = 8FB4BA72272BE67B0029E668 /* Build configuration list for PBXProject "Reciplease" */;
			compatibilityVersion = "Xcode 13.0";
			developmentRegion = en;
			hasScannedForEncodings = 0;
			knownRegions = (
				en,
				Base,
			);
			mainGroup = 8FB4BA6E272BE67B0029E668;
			productRefGroup = 8FB4BA78272BE67B0029E668 /* Products */;
			projectDirPath = "";
			projectRoot = "";
			targets = (
				8FB4BA76272BE67B0029E668 /* Reciplease */,
				8FB4BA8F272BE67E0029E668 /* RecipleaseTests */,
			);
		};
/* End PBXProject section */

/* Begin PBXResourcesBuildPhase section */
		8FB4BA75272BE67B0029E668 /* Resources */ = {
			isa = PBXResourcesBuildPhase;
			buildActionMask = 2147483647;
			files = (
				8FB4BA8A272BE67E0029E668 /* LaunchScreen.storyboard in Resources */,
				8FB4BA87272BE67E0029E668 /* Assets.xcassets in Resources */,
				8FB4BA82272BE67B0029E668 /* Main.storyboard in Resources */,
				8FCD86F8275A1BC600BA1A88 /* RecipeTableViewCell.xib in Resources */,
			);
			runOnlyForDeploymentPostprocessing = 0;
		};
		8FB4BA8E272BE67E0029E668 /* Resources */ = {
			isa = PBXResourcesBuildPhase;
			buildActionMask = 2147483647;
			files = (
				8F0E6E0D275112C200C43C84 /* Recipes.json in Resources */,
			);
			runOnlyForDeploymentPostprocessing = 0;
		};
/* End PBXResourcesBuildPhase section */

/* Begin PBXShellScriptBuildPhase section */
		2644364F6A8E3B2992E63DCB /* [CP] Check Pods Manifest.lock */ = {
			isa = PBXShellScriptBuildPhase;
			buildActionMask = 2147483647;
			files = (
			);
			inputFileListPaths = (
			);
			inputPaths = (
				"${PODS_PODFILE_DIR_PATH}/Podfile.lock",
				"${PODS_ROOT}/Manifest.lock",
			);
			name = "[CP] Check Pods Manifest.lock";
			outputFileListPaths = (
			);
			outputPaths = (
				"$(DERIVED_FILE_DIR)/Pods-RecipleaseTests-checkManifestLockResult.txt",
			);
			runOnlyForDeploymentPostprocessing = 0;
			shellPath = /bin/sh;
			shellScript = "diff \"${PODS_PODFILE_DIR_PATH}/Podfile.lock\" \"${PODS_ROOT}/Manifest.lock\" > /dev/null\nif [ $? != 0 ] ; then\n    # print error to STDERR\n    echo \"error: The sandbox is not in sync with the Podfile.lock. Run 'pod install' or update your CocoaPods installation.\" >&2\n    exit 1\nfi\n# This output is used by Xcode 'outputs' to avoid re-running this script phase.\necho \"SUCCESS\" > \"${SCRIPT_OUTPUT_FILE_0}\"\n";
			showEnvVarsInLog = 0;
		};
		7FDB049EFC778D258C3948A3 /* [CP] Check Pods Manifest.lock */ = {
			isa = PBXShellScriptBuildPhase;
			buildActionMask = 2147483647;
			files = (
			);
			inputFileListPaths = (
			);
			inputPaths = (
				"${PODS_PODFILE_DIR_PATH}/Podfile.lock",
				"${PODS_ROOT}/Manifest.lock",
			);
			name = "[CP] Check Pods Manifest.lock";
			outputFileListPaths = (
			);
			outputPaths = (
				"$(DERIVED_FILE_DIR)/Pods-Reciplease-checkManifestLockResult.txt",
			);
			runOnlyForDeploymentPostprocessing = 0;
			shellPath = /bin/sh;
			shellScript = "diff \"${PODS_PODFILE_DIR_PATH}/Podfile.lock\" \"${PODS_ROOT}/Manifest.lock\" > /dev/null\nif [ $? != 0 ] ; then\n    # print error to STDERR\n    echo \"error: The sandbox is not in sync with the Podfile.lock. Run 'pod install' or update your CocoaPods installation.\" >&2\n    exit 1\nfi\n# This output is used by Xcode 'outputs' to avoid re-running this script phase.\necho \"SUCCESS\" > \"${SCRIPT_OUTPUT_FILE_0}\"\n";
			showEnvVarsInLog = 0;
		};
		FB64227DDF423371C54DC13C /* [CP] Embed Pods Frameworks */ = {
			isa = PBXShellScriptBuildPhase;
			buildActionMask = 2147483647;
			files = (
			);
			inputFileListPaths = (
				"${PODS_ROOT}/Target Support Files/Pods-Reciplease/Pods-Reciplease-frameworks-${CONFIGURATION}-input-files.xcfilelist",
			);
			name = "[CP] Embed Pods Frameworks";
			outputFileListPaths = (
				"${PODS_ROOT}/Target Support Files/Pods-Reciplease/Pods-Reciplease-frameworks-${CONFIGURATION}-output-files.xcfilelist",
			);
			runOnlyForDeploymentPostprocessing = 0;
			shellPath = /bin/sh;
			shellScript = "\"${PODS_ROOT}/Target Support Files/Pods-Reciplease/Pods-Reciplease-frameworks.sh\"\n";
			showEnvVarsInLog = 0;
		};
/* End PBXShellScriptBuildPhase section */

/* Begin PBXSourcesBuildPhase section */
		8FB4BA73272BE67B0029E668 /* Sources */ = {
			isa = PBXSourcesBuildPhase;
			buildActionMask = 2147483647;
			files = (
				8F0E6E122751392300C43C84 /* CoreDataStack.swift in Sources */,
				8F02358F27329CA90078ED6B /* ResultSearchController.swift in Sources */,
				8FB4BA85272BE67B0029E668 /* Reciplease.xcdatamodeld in Sources */,
				8FB4BA7F272BE67B0029E668 /* SearchController.swift in Sources */,
				8F02358D273290FA0078ED6B /* Recipe.swift in Sources */,
				8F0E6E052750CF2400C43C84 /* RequestService.swift in Sources */,
				8FA21157273190F000ABD3D6 /* ApiResponse.swift in Sources */,
				8FAFE076273452E000512639 /* FavoriteController.swift in Sources */,
				8F0E6E032750CB7900C43C84 /* EdamamSession.swift in Sources */,
				8FB4BA7B272BE67B0029E668 /* AppDelegate.swift in Sources */,
				8F0235932732ECAC0078ED6B /* DetailController.swift in Sources */,
				8FB4BA7D272BE67B0029E668 /* SceneDelegate.swift in Sources */,
				8F0E6E142751398200C43C84 /* CoreDataManager.swift in Sources */,
				8F0235952732F6280078ED6B /* ApiConstant.swift in Sources */,
				8FCD86F7275A1BC600BA1A88 /* RecipeTableViewCell.swift in Sources */,
			);
			runOnlyForDeploymentPostprocessing = 0;
		};
		8FB4BA8C272BE67E0029E668 /* Sources */ = {
			isa = PBXSourcesBuildPhase;
			buildActionMask = 2147483647;
			files = (
				8FA3039A2768EE6100327778 /* CoreDataManagerTest.swift in Sources */,
				8F0E6E092751100800C43C84 /* FakeEdamamSession.swift in Sources */,
				8F0E6E0B2751126900C43C84 /* FakeResponseData.swift in Sources */,
				8FA303982768EDE700327778 /* FakeCoreDataStack.swift in Sources */,
				8F0E6E0F2751130900C43C84 /* RequestServiceTest.swift in Sources */,
			);
			runOnlyForDeploymentPostprocessing = 0;
		};
/* End PBXSourcesBuildPhase section */

/* Begin PBXTargetDependency section */
		8FB4BA92272BE67E0029E668 /* PBXTargetDependency */ = {
			isa = PBXTargetDependency;
			target = 8FB4BA76272BE67B0029E668 /* Reciplease */;
			targetProxy = 8FB4BA91272BE67E0029E668 /* PBXContainerItemProxy */;
		};
/* End PBXTargetDependency section */

/* Begin PBXVariantGroup section */
		8FB4BA80272BE67B0029E668 /* Main.storyboard */ = {
			isa = PBXVariantGroup;
			children = (
				8FB4BA81272BE67B0029E668 /* Base */,
			);
			name = Main.storyboard;
			sourceTree = "<group>";
		};
		8FB4BA88272BE67E0029E668 /* LaunchScreen.storyboard */ = {
			isa = PBXVariantGroup;
			children = (
				8FB4BA89272BE67E0029E668 /* Base */,
			);
			name = LaunchScreen.storyboard;
			sourceTree = "<group>";
		};
/* End PBXVariantGroup section */

/* Begin XCBuildConfiguration section */
		8FB4BAA2272BE67E0029E668 /* Debug */ = {
			isa = XCBuildConfiguration;
			buildSettings = {
				ALWAYS_SEARCH_USER_PATHS = NO;
				CLANG_ANALYZER_NONNULL = YES;
				CLANG_ANALYZER_NUMBER_OBJECT_CONVERSION = YES_AGGRESSIVE;
				CLANG_CXX_LANGUAGE_STANDARD = "gnu++17";
				CLANG_CXX_LIBRARY = "libc++";
				CLANG_ENABLE_MODULES = YES;
				CLANG_ENABLE_OBJC_ARC = YES;
				CLANG_ENABLE_OBJC_WEAK = YES;
				CLANG_WARN_BLOCK_CAPTURE_AUTORELEASING = YES;
				CLANG_WARN_BOOL_CONVERSION = YES;
				CLANG_WARN_COMMA = YES;
				CLANG_WARN_CONSTANT_CONVERSION = YES;
				CLANG_WARN_DEPRECATED_OBJC_IMPLEMENTATIONS = YES;
				CLANG_WARN_DIRECT_OBJC_ISA_USAGE = YES_ERROR;
				CLANG_WARN_DOCUMENTATION_COMMENTS = YES;
				CLANG_WARN_EMPTY_BODY = YES;
				CLANG_WARN_ENUM_CONVERSION = YES;
				CLANG_WARN_INFINITE_RECURSION = YES;
				CLANG_WARN_INT_CONVERSION = YES;
				CLANG_WARN_NON_LITERAL_NULL_CONVERSION = YES;
				CLANG_WARN_OBJC_IMPLICIT_RETAIN_SELF = YES;
				CLANG_WARN_OBJC_LITERAL_CONVERSION = YES;
				CLANG_WARN_OBJC_ROOT_CLASS = YES_ERROR;
				CLANG_WARN_QUOTED_INCLUDE_IN_FRAMEWORK_HEADER = YES;
				CLANG_WARN_RANGE_LOOP_ANALYSIS = YES;
				CLANG_WARN_STRICT_PROTOTYPES = YES;
				CLANG_WARN_SUSPICIOUS_MOVE = YES;
				CLANG_WARN_UNGUARDED_AVAILABILITY = YES_AGGRESSIVE;
				CLANG_WARN_UNREACHABLE_CODE = YES;
				CLANG_WARN__DUPLICATE_METHOD_MATCH = YES;
				COPY_PHASE_STRIP = NO;
				DEBUG_INFORMATION_FORMAT = dwarf;
				ENABLE_STRICT_OBJC_MSGSEND = YES;
				ENABLE_TESTABILITY = YES;
				GCC_C_LANGUAGE_STANDARD = gnu11;
				GCC_DYNAMIC_NO_PIC = NO;
				GCC_NO_COMMON_BLOCKS = YES;
				GCC_OPTIMIZATION_LEVEL = 0;
				GCC_PREPROCESSOR_DEFINITIONS = (
					"DEBUG=1",
					"$(inherited)",
				);
				GCC_WARN_64_TO_32_BIT_CONVERSION = YES;
				GCC_WARN_ABOUT_RETURN_TYPE = YES_ERROR;
				GCC_WARN_UNDECLARED_SELECTOR = YES;
				GCC_WARN_UNINITIALIZED_AUTOS = YES_AGGRESSIVE;
				GCC_WARN_UNUSED_FUNCTION = YES;
				GCC_WARN_UNUSED_VARIABLE = YES;
				INFOPLIST_FILE = "";
				IPHONEOS_DEPLOYMENT_TARGET = 15.0;
				MTL_ENABLE_DEBUG_INFO = INCLUDE_SOURCE;
				MTL_FAST_MATH = YES;
				ONLY_ACTIVE_ARCH = YES;
				SDKROOT = iphoneos;
				SWIFT_ACTIVE_COMPILATION_CONDITIONS = DEBUG;
				SWIFT_OPTIMIZATION_LEVEL = "-Onone";
			};
			name = Debug;
		};
		8FB4BAA3272BE67E0029E668 /* Release */ = {
			isa = XCBuildConfiguration;
			buildSettings = {
				ALWAYS_SEARCH_USER_PATHS = NO;
				CLANG_ANALYZER_NONNULL = YES;
				CLANG_ANALYZER_NUMBER_OBJECT_CONVERSION = YES_AGGRESSIVE;
				CLANG_CXX_LANGUAGE_STANDARD = "gnu++17";
				CLANG_CXX_LIBRARY = "libc++";
				CLANG_ENABLE_MODULES = YES;
				CLANG_ENABLE_OBJC_ARC = YES;
				CLANG_ENABLE_OBJC_WEAK = YES;
				CLANG_WARN_BLOCK_CAPTURE_AUTORELEASING = YES;
				CLANG_WARN_BOOL_CONVERSION = YES;
				CLANG_WARN_COMMA = YES;
				CLANG_WARN_CONSTANT_CONVERSION = YES;
				CLANG_WARN_DEPRECATED_OBJC_IMPLEMENTATIONS = YES;
				CLANG_WARN_DIRECT_OBJC_ISA_USAGE = YES_ERROR;
				CLANG_WARN_DOCUMENTATION_COMMENTS = YES;
				CLANG_WARN_EMPTY_BODY = YES;
				CLANG_WARN_ENUM_CONVERSION = YES;
				CLANG_WARN_INFINITE_RECURSION = YES;
				CLANG_WARN_INT_CONVERSION = YES;
				CLANG_WARN_NON_LITERAL_NULL_CONVERSION = YES;
				CLANG_WARN_OBJC_IMPLICIT_RETAIN_SELF = YES;
				CLANG_WARN_OBJC_LITERAL_CONVERSION = YES;
				CLANG_WARN_OBJC_ROOT_CLASS = YES_ERROR;
				CLANG_WARN_QUOTED_INCLUDE_IN_FRAMEWORK_HEADER = YES;
				CLANG_WARN_RANGE_LOOP_ANALYSIS = YES;
				CLANG_WARN_STRICT_PROTOTYPES = YES;
				CLANG_WARN_SUSPICIOUS_MOVE = YES;
				CLANG_WARN_UNGUARDED_AVAILABILITY = YES_AGGRESSIVE;
				CLANG_WARN_UNREACHABLE_CODE = YES;
				CLANG_WARN__DUPLICATE_METHOD_MATCH = YES;
				COPY_PHASE_STRIP = NO;
				DEBUG_INFORMATION_FORMAT = "dwarf-with-dsym";
				ENABLE_NS_ASSERTIONS = NO;
				ENABLE_STRICT_OBJC_MSGSEND = YES;
				GCC_C_LANGUAGE_STANDARD = gnu11;
				GCC_NO_COMMON_BLOCKS = YES;
				GCC_WARN_64_TO_32_BIT_CONVERSION = YES;
				GCC_WARN_ABOUT_RETURN_TYPE = YES_ERROR;
				GCC_WARN_UNDECLARED_SELECTOR = YES;
				GCC_WARN_UNINITIALIZED_AUTOS = YES_AGGRESSIVE;
				GCC_WARN_UNUSED_FUNCTION = YES;
				GCC_WARN_UNUSED_VARIABLE = YES;
				INFOPLIST_FILE = "";
				IPHONEOS_DEPLOYMENT_TARGET = 15.0;
				MTL_ENABLE_DEBUG_INFO = NO;
				MTL_FAST_MATH = YES;
				SDKROOT = iphoneos;
				SWIFT_COMPILATION_MODE = wholemodule;
				SWIFT_OPTIMIZATION_LEVEL = "-O";
				VALIDATE_PRODUCT = YES;
			};
			name = Release;
		};
		8FB4BAA5272BE67E0029E668 /* Debug */ = {
			isa = XCBuildConfiguration;
			baseConfigurationReference = CF41A8ECC064FCA9B1AEE1B8 /* Pods-Reciplease.debug.xcconfig */;
			buildSettings = {
				ASSETCATALOG_COMPILER_APPICON_NAME = AppIcon;
				ASSETCATALOG_COMPILER_GLOBAL_ACCENT_COLOR_NAME = AccentColor;
				ASSETCATALOG_COMPILER_INCLUDE_ALL_APPICON_ASSETS = NO;
				CODE_SIGN_STYLE = Automatic;
				CURRENT_PROJECT_VERSION = 1;
				DEVELOPMENT_TEAM = 3GJVGX425T;
				GENERATE_INFOPLIST_FILE = YES;
				INFOPLIST_FILE = Reciplease/SupportingFiles/Info.plist;
				INFOPLIST_KEY_UIApplicationSupportsIndirectInputEvents = YES;
				INFOPLIST_KEY_UILaunchStoryboardName = LaunchScreen;
				INFOPLIST_KEY_UIMainStoryboardFile = Main;
				INFOPLIST_KEY_UISupportedInterfaceOrientations = UIInterfaceOrientationPortrait;
				INFOPLIST_KEY_UISupportedInterfaceOrientations_iPad = "UIInterfaceOrientationPortrait UIInterfaceOrientationPortraitUpsideDown UIInterfaceOrientationLandscapeLeft UIInterfaceOrientationLandscapeRight";
				INFOPLIST_KEY_UISupportedInterfaceOrientations_iPhone = "UIInterfaceOrientationPortrait UIInterfaceOrientationLandscapeLeft UIInterfaceOrientationLandscapeRight";
				LD_RUNPATH_SEARCH_PATHS = (
					"$(inherited)",
					"@executable_path/Frameworks",
				);
				MARKETING_VERSION = 1.0;
				PRODUCT_BUNDLE_IDENTIFIER = "fr.pierre-lemere.Reciplease";
				PRODUCT_NAME = "$(TARGET_NAME)";
				SWIFT_EMIT_LOC_STRINGS = YES;
				SWIFT_VERSION = 5.0;
				TARGETED_DEVICE_FAMILY = 1;
			};
			name = Debug;
		};
		8FB4BAA6272BE67E0029E668 /* Release */ = {
			isa = XCBuildConfiguration;
			baseConfigurationReference = 831A52CEA125F3D52057AD4E /* Pods-Reciplease.release.xcconfig */;
			buildSettings = {
				ASSETCATALOG_COMPILER_APPICON_NAME = AppIcon;
				ASSETCATALOG_COMPILER_GLOBAL_ACCENT_COLOR_NAME = AccentColor;
				ASSETCATALOG_COMPILER_INCLUDE_ALL_APPICON_ASSETS = NO;
				CODE_SIGN_STYLE = Automatic;
				CURRENT_PROJECT_VERSION = 1;
				DEVELOPMENT_TEAM = 3GJVGX425T;
				GENERATE_INFOPLIST_FILE = YES;
				INFOPLIST_FILE = Reciplease/SupportingFiles/Info.plist;
				INFOPLIST_KEY_UIApplicationSupportsIndirectInputEvents = YES;
				INFOPLIST_KEY_UILaunchStoryboardName = LaunchScreen;
				INFOPLIST_KEY_UIMainStoryboardFile = Main;
				INFOPLIST_KEY_UISupportedInterfaceOrientations = UIInterfaceOrientationPortrait;
				INFOPLIST_KEY_UISupportedInterfaceOrientations_iPad = "UIInterfaceOrientationPortrait UIInterfaceOrientationPortraitUpsideDown UIInterfaceOrientationLandscapeLeft UIInterfaceOrientationLandscapeRight";
				INFOPLIST_KEY_UISupportedInterfaceOrientations_iPhone = "UIInterfaceOrientationPortrait UIInterfaceOrientationLandscapeLeft UIInterfaceOrientationLandscapeRight";
				LD_RUNPATH_SEARCH_PATHS = (
					"$(inherited)",
					"@executable_path/Frameworks",
				);
				MARKETING_VERSION = 1.0;
				PRODUCT_BUNDLE_IDENTIFIER = "fr.pierre-lemere.Reciplease";
				PRODUCT_NAME = "$(TARGET_NAME)";
				SWIFT_EMIT_LOC_STRINGS = YES;
				SWIFT_VERSION = 5.0;
				TARGETED_DEVICE_FAMILY = 1;
			};
			name = Release;
		};
		8FB4BAA8272BE67E0029E668 /* Debug */ = {
			isa = XCBuildConfiguration;
			baseConfigurationReference = E2CD688AE29EC56ED41A390B /* Pods-RecipleaseTests.debug.xcconfig */;
			buildSettings = {
				ALWAYS_EMBED_SWIFT_STANDARD_LIBRARIES = YES;
				BUNDLE_LOADER = "$(TEST_HOST)";
				CLANG_ENABLE_MODULES = YES;
				CODE_SIGN_STYLE = Automatic;
				CURRENT_PROJECT_VERSION = 1;
				DEVELOPMENT_TEAM = 3GJVGX425T;
				GENERATE_INFOPLIST_FILE = YES;
				IPHONEOS_DEPLOYMENT_TARGET = 15.0;
				LD_RUNPATH_SEARCH_PATHS = (
					"$(inherited)",
					"@executable_path/Frameworks",
					"@loader_path/Frameworks",
				);
				MARKETING_VERSION = 1.0;
				PRODUCT_BUNDLE_IDENTIFIER = "fr.pierre-lemere.RecipleaseTests";
				PRODUCT_NAME = "$(TARGET_NAME)";
				SWIFT_EMIT_LOC_STRINGS = NO;
				SWIFT_OPTIMIZATION_LEVEL = "-Onone";
				SWIFT_VERSION = 5.0;
				TARGETED_DEVICE_FAMILY = "1,2";
				TEST_HOST = "$(BUILT_PRODUCTS_DIR)/Reciplease.app/Reciplease";
			};
			name = Debug;
		};
		8FB4BAA9272BE67E0029E668 /* Release */ = {
			isa = XCBuildConfiguration;
			baseConfigurationReference = 195AF41B7925ED23E3043002 /* Pods-RecipleaseTests.release.xcconfig */;
			buildSettings = {
				ALWAYS_EMBED_SWIFT_STANDARD_LIBRARIES = YES;
				BUNDLE_LOADER = "$(TEST_HOST)";
				CLANG_ENABLE_MODULES = YES;
				CODE_SIGN_STYLE = Automatic;
				CURRENT_PROJECT_VERSION = 1;
				DEVELOPMENT_TEAM = 3GJVGX425T;
				GENERATE_INFOPLIST_FILE = YES;
				IPHONEOS_DEPLOYMENT_TARGET = 15.0;
				LD_RUNPATH_SEARCH_PATHS = (
					"$(inherited)",
					"@executable_path/Frameworks",
					"@loader_path/Frameworks",
				);
				MARKETING_VERSION = 1.0;
				PRODUCT_BUNDLE_IDENTIFIER = "fr.pierre-lemere.RecipleaseTests";
				PRODUCT_NAME = "$(TARGET_NAME)";
				SWIFT_EMIT_LOC_STRINGS = NO;
				SWIFT_VERSION = 5.0;
				TARGETED_DEVICE_FAMILY = "1,2";
				TEST_HOST = "$(BUILT_PRODUCTS_DIR)/Reciplease.app/Reciplease";
			};
			name = Release;
		};
/* End XCBuildConfiguration section */

/* Begin XCConfigurationList section */
		8FB4BA72272BE67B0029E668 /* Build configuration list for PBXProject "Reciplease" */ = {
			isa = XCConfigurationList;
			buildConfigurations = (
				8FB4BAA2272BE67E0029E668 /* Debug */,
				8FB4BAA3272BE67E0029E668 /* Release */,
			);
			defaultConfigurationIsVisible = 0;
			defaultConfigurationName = Release;
		};
		8FB4BAA4272BE67E0029E668 /* Build configuration list for PBXNativeTarget "Reciplease" */ = {
			isa = XCConfigurationList;
			buildConfigurations = (
				8FB4BAA5272BE67E0029E668 /* Debug */,
				8FB4BAA6272BE67E0029E668 /* Release */,
			);
			defaultConfigurationIsVisible = 0;
			defaultConfigurationName = Release;
		};
		8FB4BAA7272BE67E0029E668 /* Build configuration list for PBXNativeTarget "RecipleaseTests" */ = {
			isa = XCConfigurationList;
			buildConfigurations = (
				8FB4BAA8272BE67E0029E668 /* Debug */,
				8FB4BAA9272BE67E0029E668 /* Release */,
			);
			defaultConfigurationIsVisible = 0;
			defaultConfigurationName = Release;
		};
/* End XCConfigurationList section */

/* Begin XCVersionGroup section */
		8FB4BA83272BE67B0029E668 /* Reciplease.xcdatamodeld */ = {
			isa = XCVersionGroup;
			children = (
				8FB4BA84272BE67B0029E668 /* Reciplease.xcdatamodel */,
			);
			currentVersion = 8FB4BA84272BE67B0029E668 /* Reciplease.xcdatamodel */;
			path = Reciplease.xcdatamodeld;
			sourceTree = "<group>";
			versionGroupType = wrapper.xcdatamodel;
		};
/* End XCVersionGroup section */
	};
	rootObject = 8FB4BA6F272BE67B0029E668 /* Project object */;
}
